
Microsoft Visual Studio Solution File, Format Version 12.00
# Visual Studio Version 17
VisualStudioVersion = 17.13.35818.85
MinimumVisualStudioVersion = 10.0.40219.1
Project("{8BC9CEB8-8B4A-11D0-8D11-00A0C91BC942}") = "practik_c4", "practik_c4\practik_c4.vcxproj", "{FBFE5843-0078-438D-9B5F-FC8D44C25132}"
EndProject
Project("{8BC9CEB8-8B4A-11D0-8D11-00A0C91BC942}") = "practik_c5", "practik_c5\practik_c5.vcxproj", "{AE1A4D2B-BB27-4283-B496-5FE1A260324B}"
EndProject
Project("{8BC9CEB8-8B4A-11D0-8D11-00A0C91BC942}") = "practik_c6", "practik_c6\practik_c6.vcxproj", "{5425BA9A-3F00-4884-B73D-9E9091674920}"
EndProject
Project("{8BC9CEB8-8B4A-11D0-8D11-00A0C91BC942}") = "practik_c7", "practik_c7\practik_c7.vcxproj", "{7F8EBCAB-6DBE-4C14-B204-D2243DF7E71D}"
EndProject
Project("{8BC9CEB8-8B4A-11D0-8D11-00A0C91BC942}") = "practik_c8", "practik_c8\practik_c8.vcxproj", "{3EDFA20E-0713-447F-99A2-7F537AA030B8}"
EndProject
Project("{8BC9CEB8-8B4A-11D0-8D11-00A0C91BC942}") = "practik_c9", "practik_c9\practik_c9.vcxproj", "{D04C323B-5912-4E3A-87DB-58BEF48085C7}"
EndProject
Project("{8BC9CEB8-8B4A-11D0-8D11-00A0C91BC942}") = "practik_c10", "practik_c10\practik_c10.vcxproj", "{AA0E6C5D-8F25-4773-804E-AC8A2DA47C17}"
EndProject
Project("{8BC9CEB8-8B4A-11D0-8D11-00A0C91BC942}") = "practik_c11", "practik_c11\practik_c11.vcxproj", "{9E8E2AFD-E939-42B5-8249-F8DF5345C6D1}"
EndProject
Project("{8BC9CEB8-8B4A-11D0-8D11-00A0C91BC942}") = "practik_c12", "practik_c12\practik_c12.vcxproj", "{A656CD90-20F1-4D57-9BDF-47561904EF96}"
EndProject
Project("{8BC9CEB8-8B4A-11D0-8D11-00A0C91BC942}") = "practik_c13", "practik_c13\practik_c13.vcxproj", "{FEB28133-B0E2-42B4-8654-0DC8048D78D3}"
EndProject
Project("{8BC9CEB8-8B4A-11D0-8D11-00A0C91BC942}") = "practik_c14", "practik_c14\practik_c14.vcxproj", "{CC19D4A8-FC74-4746-8461-1AAEB221FCAB}"
EndProject
Project("{8BC9CEB8-8B4A-11D0-8D11-00A0C91BC942}") = "practik_c15", "practik_c15\practik_c15.vcxproj", "{23D2690B-E4F8-49E3-A725-94580E6CF555}"
EndProject
Project("{8BC9CEB8-8B4A-11D0-8D11-00A0C91BC942}") = "practik_c16", "practik_c16\practik_c16.vcxproj", "{E6721B11-6AB6-429F-AC38-A3AFE7FD3883}"
EndProject
Project("{8BC9CEB8-8B4A-11D0-8D11-00A0C91BC942}") = "practik_c19", "practik_c19\practik_c19.vcxproj", "{E4B19B15-AA05-40C8-84BC-A10DCB44288E}"
EndProject
Project("{8BC9CEB8-8B4A-11D0-8D11-00A0C91BC942}") = "practik_c17", "practik_c17\practik_c17.vcxproj", "{018AA065-4D56-40A1-991A-892CCB9AEC0B}"
EndProject
Project("{8BC9CEB8-8B4A-11D0-8D11-00A0C91BC942}") = "practik_c20", "practik_c20\practik_c20.vcxproj", "{124954DF-2D2E-4CC7-88D3-602596F88E44}"
EndProject
Project("{8BC9CEB8-8B4A-11D0-8D11-00A0C91BC942}") = "practik_c18", "practik_c18\practik_c18.vcxproj", "{BB569EEC-194A-4FE3-9926-E647E043F167}"
EndProject
Project("{8BC9CEB8-8B4A-11D0-8D11-00A0C91BC942}") = "info_colors_c", "info_colors_c\info_colors_c.vcxproj", "{C7E8A654-FE2E-400F-8579-0B610FA00532}"
EndProject
Project("{8BC9CEB8-8B4A-11D0-8D11-00A0C91BC942}") = "practik_c21", "practik_c21\practik_c21.vcxproj", "{2685F8D5-E0C5-4EA2-96A7-91383EEE843D}"
EndProject
Project("{8BC9CEB8-8B4A-11D0-8D11-00A0C91BC942}") = "practik_c22", "practik_c22\practik_c22.vcxproj", "{57DC91FC-4CD3-4028-894B-B6020A0FEDE0}"
EndProject
Project("{8BC9CEB8-8B4A-11D0-8D11-00A0C91BC942}") = "practik_c23", "practik_c23\practik_c23.vcxproj", "{E2EC557F-C93A-400C-A895-57339B852BD8}"
EndProject
Project("{8BC9CEB8-8B4A-11D0-8D11-00A0C91BC942}") = "practik_c24", "practik_c24\practik_c24.vcxproj", "{DA945943-8BAE-4C61-B952-38F59B58B3DB}"
EndProject
Global
	GlobalSection(SolutionConfigurationPlatforms) = preSolution
		Debug|x64 = Debug|x64
		Debug|x86 = Debug|x86
		Release|x64 = Release|x64
		Release|x86 = Release|x86
	EndGlobalSection
	GlobalSection(ProjectConfigurationPlatforms) = postSolution
		{FBFE5843-0078-438D-9B5F-FC8D44C25132}.Debug|x64.ActiveCfg = Debug|x64
		{FBFE5843-0078-438D-9B5F-FC8D44C25132}.Debug|x64.Build.0 = Debug|x64
		{FBFE5843-0078-438D-9B5F-FC8D44C25132}.Debug|x86.ActiveCfg = Debug|Win32
		{FBFE5843-0078-438D-9B5F-FC8D44C25132}.Debug|x86.Build.0 = Debug|Win32
		{FBFE5843-0078-438D-9B5F-FC8D44C25132}.Release|x64.ActiveCfg = Release|x64
		{FBFE5843-0078-438D-9B5F-FC8D44C25132}.Release|x64.Build.0 = Release|x64
		{FBFE5843-0078-438D-9B5F-FC8D44C25132}.Release|x86.ActiveCfg = Release|Win32
		{FBFE5843-0078-438D-9B5F-FC8D44C25132}.Release|x86.Build.0 = Release|Win32
		{AE1A4D2B-BB27-4283-B496-5FE1A260324B}.Debug|x64.ActiveCfg = Debug|x64
		{AE1A4D2B-BB27-4283-B496-5FE1A260324B}.Debug|x64.Build.0 = Debug|x64
		{AE1A4D2B-BB27-4283-B496-5FE1A260324B}.Debug|x86.ActiveCfg = Debug|Win32
		{AE1A4D2B-BB27-4283-B496-5FE1A260324B}.Debug|x86.Build.0 = Debug|Win32
		{AE1A4D2B-BB27-4283-B496-5FE1A260324B}.Release|x64.ActiveCfg = Release|x64
		{AE1A4D2B-BB27-4283-B496-5FE1A260324B}.Release|x64.Build.0 = Release|x64
		{AE1A4D2B-BB27-4283-B496-5FE1A260324B}.Release|x86.ActiveCfg = Release|Win32
		{AE1A4D2B-BB27-4283-B496-5FE1A260324B}.Release|x86.Build.0 = Release|Win32
		{5425BA9A-3F00-4884-B73D-9E9091674920}.Debug|x64.ActiveCfg = Debug|x64
		{5425BA9A-3F00-4884-B73D-9E9091674920}.Debug|x64.Build.0 = Debug|x64
		{5425BA9A-3F00-4884-B73D-9E9091674920}.Debug|x86.ActiveCfg = Debug|Win32
		{5425BA9A-3F00-4884-B73D-9E9091674920}.Debug|x86.Build.0 = Debug|Win32
		{5425BA9A-3F00-4884-B73D-9E9091674920}.Release|x64.ActiveCfg = Release|x64
		{5425BA9A-3F00-4884-B73D-9E9091674920}.Release|x64.Build.0 = Release|x64
		{5425BA9A-3F00-4884-B73D-9E9091674920}.Release|x86.ActiveCfg = Release|Win32
		{5425BA9A-3F00-4884-B73D-9E9091674920}.Release|x86.Build.0 = Release|Win32
		{7F8EBCAB-6DBE-4C14-B204-D2243DF7E71D}.Debug|x64.ActiveCfg = Debug|x64
		{7F8EBCAB-6DBE-4C14-B204-D2243DF7E71D}.Debug|x64.Build.0 = Debug|x64
		{7F8EBCAB-6DBE-4C14-B204-D2243DF7E71D}.Debug|x86.ActiveCfg = Debug|Win32
		{7F8EBCAB-6DBE-4C14-B204-D2243DF7E71D}.Debug|x86.Build.0 = Debug|Win32
		{7F8EBCAB-6DBE-4C14-B204-D2243DF7E71D}.Release|x64.ActiveCfg = Release|x64
		{7F8EBCAB-6DBE-4C14-B204-D2243DF7E71D}.Release|x64.Build.0 = Release|x64
		{7F8EBCAB-6DBE-4C14-B204-D2243DF7E71D}.Release|x86.ActiveCfg = Release|Win32
		{7F8EBCAB-6DBE-4C14-B204-D2243DF7E71D}.Release|x86.Build.0 = Release|Win32
		{3EDFA20E-0713-447F-99A2-7F537AA030B8}.Debug|x64.ActiveCfg = Debug|x64
		{3EDFA20E-0713-447F-99A2-7F537AA030B8}.Debug|x64.Build.0 = Debug|x64
		{3EDFA20E-0713-447F-99A2-7F537AA030B8}.Debug|x86.ActiveCfg = Debug|Win32
		{3EDFA20E-0713-447F-99A2-7F537AA030B8}.Debug|x86.Build.0 = Debug|Win32
		{3EDFA20E-0713-447F-99A2-7F537AA030B8}.Release|x64.ActiveCfg = Release|x64
		{3EDFA20E-0713-447F-99A2-7F537AA030B8}.Release|x64.Build.0 = Release|x64
		{3EDFA20E-0713-447F-99A2-7F537AA030B8}.Release|x86.ActiveCfg = Release|Win32
		{3EDFA20E-0713-447F-99A2-7F537AA030B8}.Release|x86.Build.0 = Release|Win32
		{D04C323B-5912-4E3A-87DB-58BEF48085C7}.Debug|x64.ActiveCfg = Debug|x64
		{D04C323B-5912-4E3A-87DB-58BEF48085C7}.Debug|x64.Build.0 = Debug|x64
		{D04C323B-5912-4E3A-87DB-58BEF48085C7}.Debug|x86.ActiveCfg = Debug|Win32
		{D04C323B-5912-4E3A-87DB-58BEF48085C7}.Debug|x86.Build.0 = Debug|Win32
		{D04C323B-5912-4E3A-87DB-58BEF48085C7}.Release|x64.ActiveCfg = Release|x64
		{D04C323B-5912-4E3A-87DB-58BEF48085C7}.Release|x64.Build.0 = Release|x64
		{D04C323B-5912-4E3A-87DB-58BEF48085C7}.Release|x86.ActiveCfg = Release|Win32
		{D04C323B-5912-4E3A-87DB-58BEF48085C7}.Release|x86.Build.0 = Release|Win32
		{AA0E6C5D-8F25-4773-804E-AC8A2DA47C17}.Debug|x64.ActiveCfg = Debug|x64
		{AA0E6C5D-8F25-4773-804E-AC8A2DA47C17}.Debug|x64.Build.0 = Debug|x64
		{AA0E6C5D-8F25-4773-804E-AC8A2DA47C17}.Debug|x86.ActiveCfg = Debug|Win32
		{AA0E6C5D-8F25-4773-804E-AC8A2DA47C17}.Debug|x86.Build.0 = Debug|Win32
		{AA0E6C5D-8F25-4773-804E-AC8A2DA47C17}.Release|x64.ActiveCfg = Release|x64
		{AA0E6C5D-8F25-4773-804E-AC8A2DA47C17}.Release|x64.Build.0 = Release|x64
		{AA0E6C5D-8F25-4773-804E-AC8A2DA47C17}.Release|x86.ActiveCfg = Release|Win32
		{AA0E6C5D-8F25-4773-804E-AC8A2DA47C17}.Release|x86.Build.0 = Release|Win32
		{9E8E2AFD-E939-42B5-8249-F8DF5345C6D1}.Debug|x64.ActiveCfg = Debug|x64
		{9E8E2AFD-E939-42B5-8249-F8DF5345C6D1}.Debug|x64.Build.0 = Debug|x64
		{9E8E2AFD-E939-42B5-8249-F8DF5345C6D1}.Debug|x86.ActiveCfg = Debug|Win32
		{9E8E2AFD-E939-42B5-8249-F8DF5345C6D1}.Debug|x86.Build.0 = Debug|Win32
		{9E8E2AFD-E939-42B5-8249-F8DF5345C6D1}.Release|x64.ActiveCfg = Release|x64
		{9E8E2AFD-E939-42B5-8249-F8DF5345C6D1}.Release|x64.Build.0 = Release|x64
		{9E8E2AFD-E939-42B5-8249-F8DF5345C6D1}.Release|x86.ActiveCfg = Release|Win32
		{9E8E2AFD-E939-42B5-8249-F8DF5345C6D1}.Release|x86.Build.0 = Release|Win32
		{A656CD90-20F1-4D57-9BDF-47561904EF96}.Debug|x64.ActiveCfg = Debug|x64
		{A656CD90-20F1-4D57-9BDF-47561904EF96}.Debug|x64.Build.0 = Debug|x64
		{A656CD90-20F1-4D57-9BDF-47561904EF96}.Debug|x86.ActiveCfg = Debug|Win32
		{A656CD90-20F1-4D57-9BDF-47561904EF96}.Debug|x86.Build.0 = Debug|Win32
		{A656CD90-20F1-4D57-9BDF-47561904EF96}.Release|x64.ActiveCfg = Release|x64
		{A656CD90-20F1-4D57-9BDF-47561904EF96}.Release|x64.Build.0 = Release|x64
		{A656CD90-20F1-4D57-9BDF-47561904EF96}.Release|x86.ActiveCfg = Release|Win32
		{A656CD90-20F1-4D57-9BDF-47561904EF96}.Release|x86.Build.0 = Release|Win32
		{FEB28133-B0E2-42B4-8654-0DC8048D78D3}.Debug|x64.ActiveCfg = Debug|x64
		{FEB28133-B0E2-42B4-8654-0DC8048D78D3}.Debug|x64.Build.0 = Debug|x64
		{FEB28133-B0E2-42B4-8654-0DC8048D78D3}.Debug|x86.ActiveCfg = Debug|Win32
		{FEB28133-B0E2-42B4-8654-0DC8048D78D3}.Debug|x86.Build.0 = Debug|Win32
		{FEB28133-B0E2-42B4-8654-0DC8048D78D3}.Release|x64.ActiveCfg = Release|x64
		{FEB28133-B0E2-42B4-8654-0DC8048D78D3}.Release|x64.Build.0 = Release|x64
		{FEB28133-B0E2-42B4-8654-0DC8048D78D3}.Release|x86.ActiveCfg = Release|Win32
		{FEB28133-B0E2-42B4-8654-0DC8048D78D3}.Release|x86.Build.0 = Release|Win32
		{CC19D4A8-FC74-4746-8461-1AAEB221FCAB}.Debug|x64.ActiveCfg = Debug|x64
		{CC19D4A8-FC74-4746-8461-1AAEB221FCAB}.Debug|x64.Build.0 = Debug|x64
		{CC19D4A8-FC74-4746-8461-1AAEB221FCAB}.Debug|x86.ActiveCfg = Debug|Win32
		{CC19D4A8-FC74-4746-8461-1AAEB221FCAB}.Debug|x86.Build.0 = Debug|Win32
		{CC19D4A8-FC74-4746-8461-1AAEB221FCAB}.Release|x64.ActiveCfg = Release|x64
		{CC19D4A8-FC74-4746-8461-1AAEB221FCAB}.Release|x64.Build.0 = Release|x64
		{CC19D4A8-FC74-4746-8461-1AAEB221FCAB}.Release|x86.ActiveCfg = Release|Win32
		{CC19D4A8-FC74-4746-8461-1AAEB221FCAB}.Release|x86.Build.0 = Release|Win32
		{23D2690B-E4F8-49E3-A725-94580E6CF555}.Debug|x64.ActiveCfg = Debug|x64
		{23D2690B-E4F8-49E3-A725-94580E6CF555}.Debug|x64.Build.0 = Debug|x64
		{23D2690B-E4F8-49E3-A725-94580E6CF555}.Debug|x86.ActiveCfg = Debug|Win32
		{23D2690B-E4F8-49E3-A725-94580E6CF555}.Debug|x86.Build.0 = Debug|Win32
		{23D2690B-E4F8-49E3-A725-94580E6CF555}.Release|x64.ActiveCfg = Release|x64
		{23D2690B-E4F8-49E3-A725-94580E6CF555}.Release|x64.Build.0 = Release|x64
		{23D2690B-E4F8-49E3-A725-94580E6CF555}.Release|x86.ActiveCfg = Release|Win32
		{23D2690B-E4F8-49E3-A725-94580E6CF555}.Release|x86.Build.0 = Release|Win32
		{E6721B11-6AB6-429F-AC38-A3AFE7FD3883}.Debug|x64.ActiveCfg = Debug|x64
		{E6721B11-6AB6-429F-AC38-A3AFE7FD3883}.Debug|x64.Build.0 = Debug|x64
		{E6721B11-6AB6-429F-AC38-A3AFE7FD3883}.Debug|x86.ActiveCfg = Debug|Win32
		{E6721B11-6AB6-429F-AC38-A3AFE7FD3883}.Debug|x86.Build.0 = Debug|Win32
		{E6721B11-6AB6-429F-AC38-A3AFE7FD3883}.Release|x64.ActiveCfg = Release|x64
		{E6721B11-6AB6-429F-AC38-A3AFE7FD3883}.Release|x64.Build.0 = Release|x64
		{E6721B11-6AB6-429F-AC38-A3AFE7FD3883}.Release|x86.ActiveCfg = Release|Win32
		{E6721B11-6AB6-429F-AC38-A3AFE7FD3883}.Release|x86.Build.0 = Release|Win32
		{E4B19B15-AA05-40C8-84BC-A10DCB44288E}.Debug|x64.ActiveCfg = Debug|x64
		{E4B19B15-AA05-40C8-84BC-A10DCB44288E}.Debug|x64.Build.0 = Debug|x64
		{E4B19B15-AA05-40C8-84BC-A10DCB44288E}.Debug|x86.ActiveCfg = Debug|Win32
		{E4B19B15-AA05-40C8-84BC-A10DCB44288E}.Debug|x86.Build.0 = Debug|Win32
		{E4B19B15-AA05-40C8-84BC-A10DCB44288E}.Release|x64.ActiveCfg = Release|x64
		{E4B19B15-AA05-40C8-84BC-A10DCB44288E}.Release|x64.Build.0 = Release|x64
		{E4B19B15-AA05-40C8-84BC-A10DCB44288E}.Release|x86.ActiveCfg = Release|Win32
		{E4B19B15-AA05-40C8-84BC-A10DCB44288E}.Release|x86.Build.0 = Release|Win32
		{018AA065-4D56-40A1-991A-892CCB9AEC0B}.Debug|x64.ActiveCfg = Debug|x64
		{018AA065-4D56-40A1-991A-892CCB9AEC0B}.Debug|x64.Build.0 = Debug|x64
		{018AA065-4D56-40A1-991A-892CCB9AEC0B}.Debug|x86.ActiveCfg = Debug|Win32
		{018AA065-4D56-40A1-991A-892CCB9AEC0B}.Debug|x86.Build.0 = Debug|Win32
		{018AA065-4D56-40A1-991A-892CCB9AEC0B}.Release|x64.ActiveCfg = Release|x64
		{018AA065-4D56-40A1-991A-892CCB9AEC0B}.Release|x64.Build.0 = Release|x64
		{018AA065-4D56-40A1-991A-892CCB9AEC0B}.Release|x86.ActiveCfg = Release|Win32
		{018AA065-4D56-40A1-991A-892CCB9AEC0B}.Release|x86.Build.0 = Release|Win32
		{124954DF-2D2E-4CC7-88D3-602596F88E44}.Debug|x64.ActiveCfg = Debug|x64
		{124954DF-2D2E-4CC7-88D3-602596F88E44}.Debug|x64.Build.0 = Debug|x64
		{124954DF-2D2E-4CC7-88D3-602596F88E44}.Debug|x86.ActiveCfg = Debug|Win32
		{124954DF-2D2E-4CC7-88D3-602596F88E44}.Debug|x86.Build.0 = Debug|Win32
		{124954DF-2D2E-4CC7-88D3-602596F88E44}.Release|x64.ActiveCfg = Release|x64
		{124954DF-2D2E-4CC7-88D3-602596F88E44}.Release|x64.Build.0 = Release|x64
		{124954DF-2D2E-4CC7-88D3-602596F88E44}.Release|x86.ActiveCfg = Release|Win32
		{124954DF-2D2E-4CC7-88D3-602596F88E44}.Release|x86.Build.0 = Release|Win32
		{BB569EEC-194A-4FE3-9926-E647E043F167}.Debug|x64.ActiveCfg = Debug|x64
		{BB569EEC-194A-4FE3-9926-E647E043F167}.Debug|x64.Build.0 = Debug|x64
		{BB569EEC-194A-4FE3-9926-E647E043F167}.Debug|x86.ActiveCfg = Debug|Win32
		{BB569EEC-194A-4FE3-9926-E647E043F167}.Debug|x86.Build.0 = Debug|Win32
		{BB569EEC-194A-4FE3-9926-E647E043F167}.Release|x64.ActiveCfg = Release|x64
		{BB569EEC-194A-4FE3-9926-E647E043F167}.Release|x64.Build.0 = Release|x64
		{BB569EEC-194A-4FE3-9926-E647E043F167}.Release|x86.ActiveCfg = Release|Win32
		{BB569EEC-194A-4FE3-9926-E647E043F167}.Release|x86.Build.0 = Release|Win32
		{C7E8A654-FE2E-400F-8579-0B610FA00532}.Debug|x64.ActiveCfg = Debug|x64
		{C7E8A654-FE2E-400F-8579-0B610FA00532}.Debug|x64.Build.0 = Debug|x64
		{C7E8A654-FE2E-400F-8579-0B610FA00532}.Debug|x86.ActiveCfg = Debug|Win32
		{C7E8A654-FE2E-400F-8579-0B610FA00532}.Debug|x86.Build.0 = Debug|Win32
		{C7E8A654-FE2E-400F-8579-0B610FA00532}.Release|x64.ActiveCfg = Release|x64
		{C7E8A654-FE2E-400F-8579-0B610FA00532}.Release|x64.Build.0 = Release|x64
		{C7E8A654-FE2E-400F-8579-0B610FA00532}.Release|x86.ActiveCfg = Release|Win32
		{C7E8A654-FE2E-400F-8579-0B610FA00532}.Release|x86.Build.0 = Release|Win32
		{2685F8D5-E0C5-4EA2-96A7-91383EEE843D}.Debug|x64.ActiveCfg = Debug|x64
		{2685F8D5-E0C5-4EA2-96A7-91383EEE843D}.Debug|x64.Build.0 = Debug|x64
		{2685F8D5-E0C5-4EA2-96A7-91383EEE843D}.Debug|x86.ActiveCfg = Debug|Win32
		{2685F8D5-E0C5-4EA2-96A7-91383EEE843D}.Debug|x86.Build.0 = Debug|Win32
		{2685F8D5-E0C5-4EA2-96A7-91383EEE843D}.Release|x64.ActiveCfg = Release|x64
		{2685F8D5-E0C5-4EA2-96A7-91383EEE843D}.Release|x64.Build.0 = Release|x64
		{2685F8D5-E0C5-4EA2-96A7-91383EEE843D}.Release|x86.ActiveCfg = Release|Win32
		{2685F8D5-E0C5-4EA2-96A7-91383EEE843D}.Release|x86.Build.0 = Release|Win32
		{57DC91FC-4CD3-4028-894B-B6020A0FEDE0}.Debug|x64.ActiveCfg = Debug|x64
		{57DC91FC-4CD3-4028-894B-B6020A0FEDE0}.Debug|x64.Build.0 = Debug|x64
		{57DC91FC-4CD3-4028-894B-B6020A0FEDE0}.Debug|x86.ActiveCfg = Debug|Win32
		{57DC91FC-4CD3-4028-894B-B6020A0FEDE0}.Debug|x86.Build.0 = Debug|Win32
		{57DC91FC-4CD3-4028-894B-B6020A0FEDE0}.Release|x64.ActiveCfg = Release|x64
		{57DC91FC-4CD3-4028-894B-B6020A0FEDE0}.Release|x64.Build.0 = Release|x64
		{57DC91FC-4CD3-4028-894B-B6020A0FEDE0}.Release|x86.ActiveCfg = Release|Win32
		{57DC91FC-4CD3-4028-894B-B6020A0FEDE0}.Release|x86.Build.0 = Release|Win32
		{E2EC557F-C93A-400C-A895-57339B852BD8}.Debug|x64.ActiveCfg = Debug|x64
		{E2EC557F-C93A-400C-A895-57339B852BD8}.Debug|x64.Build.0 = Debug|x64
		{E2EC557F-C93A-400C-A895-57339B852BD8}.Debug|x86.ActiveCfg = Debug|Win32
		{E2EC557F-C93A-400C-A895-57339B852BD8}.Debug|x86.Build.0 = Debug|Win32
		{E2EC557F-C93A-400C-A895-57339B852BD8}.Release|x64.ActiveCfg = Release|x64
		{E2EC557F-C93A-400C-A895-57339B852BD8}.Release|x64.Build.0 = Release|x64
		{E2EC557F-C93A-400C-A895-57339B852BD8}.Release|x86.ActiveCfg = Release|Win32
		{E2EC557F-C93A-400C-A895-57339B852BD8}.Release|x86.Build.0 = Release|Win32
		{DA945943-8BAE-4C61-B952-38F59B58B3DB}.Debug|x64.ActiveCfg = Debug|x64
		{DA945943-8BAE-4C61-B952-38F59B58B3DB}.Debug|x64.Build.0 = Debug|x64
		{DA945943-8BAE-4C61-B952-38F59B58B3DB}.Debug|x86.ActiveCfg = Debug|Win32
		{DA945943-8BAE-4C61-B952-38F59B58B3DB}.Debug|x86.Build.0 = Debug|Win32
		{DA945943-8BAE-4C61-B952-38F59B58B3DB}.Release|x64.ActiveCfg = Release|x64
		{DA945943-8BAE-4C61-B952-38F59B58B3DB}.Release|x64.Build.0 = Release|x64
		{DA945943-8BAE-4C61-B952-38F59B58B3DB}.Release|x86.ActiveCfg = Release|Win32
		{DA945943-8BAE-4C61-B952-38F59B58B3DB}.Release|x86.Build.0 = Release|Win32
	EndGlobalSection
	GlobalSection(SolutionProperties) = preSolution
		HideSolutionNode = FALSE
	EndGlobalSection
	GlobalSection(ExtensibilityGlobals) = postSolution
		SolutionGuid = {3B1CE7F6-64C6-413C-BF7C-E08CCCFD48EA}
	EndGlobalSection
EndGlobal
